{
  "name": "sailing-push-server",
  "version": "1.0.0",
  "lockfileVersion": 3,
  "requires": true,
  "packages": {
    "": {
      "name": "sailing-push-server",
      "version": "1.0.0",
      "dependencies": {
        "@pushforge/builder": "^1.1.0"
      },
      "engines": {
        "node": ">=20"
      }
    },
    "node_modules/@pushforge/builder": {
      "version": "1.1.2",
      "resolved": "https://registry.npmjs.org/@pushforge/builder/-/builder-1.1.2.tgz",
      "integrity": "sha512-9dhcm++aBKRAWo/1qLF1WSOqfn9ZHDNdAd0JAVSw1XjvQNxpe07ObXw0IiCng7Fa5q3rmam7DzLi0bs/W2Aumw==",
      "license": "MIT",
      "bin": {
        "generate-vapid-keys": "dist/lib/commandLine/keys.js"
      },
      "engines": {
        "node": ">=16.0.0"
      }
    }
  }
}
